
Microsoft Visual Studio Solution File, Format Version 12.00
# Visual Studio Version 17
VisualStudioVersion = 17.11.35312.102
MinimumVisualStudioVersion = 10.0.40219.1
Project("{FAE04EC0-301F-11D3-BF4B-00C04F79EFBC}") = "EXE-FAIEnglishTutor", "EXE-FAIEnglishTutor\EXE-FAIEnglishTutor.csproj", "{D99DC3AD-F39C-40DC-BBD8-C957D43DA119}"
EndProject
Global
	GlobalSection(SolutionConfigurationPlatforms) = preSolution
		Debug|Any CPU = Debug|Any CPU
		Release|Any CPU = Release|Any CPU
	EndGlobalSection
	GlobalSection(ProjectConfigurationPlatforms) = postSolution
		{D99DC3AD-F39C-40DC-BBD8-C957D43DA119}.Debug|Any CPU.ActiveCfg = Debug|Any CPU
		{D99DC3AD-F39C-40DC-BBD8-C957D43DA119}.Debug|Any CPU.Build.0 = Debug|Any CPU
		{D99DC3AD-F39C-40DC-BBD8-C957D43DA119}.Release|Any CPU.ActiveCfg = Release|Any CPU
		{D99DC3AD-F39C-40DC-BBD8-C957D43DA119}.Release|Any CPU.Build.0 = Release|Any CPU
	EndGlobalSection
	GlobalSection(SolutionProperties) = preSolution
		HideSolutionNode = FALSE
	EndGlobalSection
	GlobalSection(ExtensibilityGlobals) = postSolution
		SolutionGuid = {48B04326-93FF-4BB4-9206-682E535CC909}
	EndGlobalSection
EndGlobal
